// !$*UTF8*$!
{
	archiveVersion = 1;
	classes = {
	};
	objectVersion = 56;
	objects = {

/* Begin PBXBuildFile section */
		045A61482AD53FD8004B4D70 /* CinemaGuideApp.swift in Sources */ = {isa = PBXBuildFile; fileRef = 045A61472AD53FD8004B4D70 /* CinemaGuideApp.swift */; };
		045A614A2AD53FD8004B4D70 /* ContentView.swift in Sources */ = {isa = PBXBuildFile; fileRef = 045A61492AD53FD8004B4D70 /* ContentView.swift */; };
		045A614C2AD53FDA004B4D70 /* Assets.xcassets in Resources */ = {isa = PBXBuildFile; fileRef = 045A614B2AD53FDA004B4D70 /* Assets.xcassets */; };
		045A614F2AD53FDA004B4D70 /* Preview Assets.xcassets in Resources */ = {isa = PBXBuildFile; fileRef = 045A614E2AD53FDA004B4D70 /* Preview Assets.xcassets */; };
		045A61572AD5404F004B4D70 /* Post.swift in Sources */ = {isa = PBXBuildFile; fileRef = 045A61562AD5404F004B4D70 /* Post.swift */; };
		045A615A2AD54099004B4D70 /* CinemaGuideData.swift in Sources */ = {isa = PBXBuildFile; fileRef = 045A61592AD54099004B4D70 /* CinemaGuideData.swift */; };
		045A615D2AD5421C004B4D70 /* InfoView.swift in Sources */ = {isa = PBXBuildFile; fileRef = 045A615C2AD5421C004B4D70 /* InfoView.swift */; };
		0484244B2AD546560076405A /* InfoRow.swift in Sources */ = {isa = PBXBuildFile; fileRef = 0484244A2AD546560076405A /* InfoRow.swift */; };
		0484244D2AD548F20076405A /* InfoDetails.swift in Sources */ = {isa = PBXBuildFile; fileRef = 0484244C2AD548F20076405A /* InfoDetails.swift */; };
		0484244F2AD554AD0076405A /* HelloView.swift in Sources */ = {isa = PBXBuildFile; fileRef = 0484244E2AD554AD0076405A /* HelloView.swift */; };
		048424512AD555390076405A /* SettingsView.swift in Sources */ = {isa = PBXBuildFile; fileRef = 048424502AD555390076405A /* SettingsView.swift */; };
/* End PBXBuildFile section */

/* Begin PBXFileReference section */
		045A61442AD53FD8004B4D70 /* CinemaGuide.app */ = {isa = PBXFileReference; explicitFileType = wrapper.application; includeInIndex = 0; path = CinemaGuide.app; sourceTree = BUILT_PRODUCTS_DIR; };
		045A61472AD53FD8004B4D70 /* CinemaGuideApp.swift */ = {isa = PBXFileReference; lastKnownFileType = sourcecode.swift; path = CinemaGuideApp.swift; sourceTree = "<group>"; };
		045A61492AD53FD8004B4D70 /* ContentView.swift */ = {isa = PBXFileReference; lastKnownFileType = sourcecode.swift; path = ContentView.swift; sourceTree = "<group>"; };
		045A614B2AD53FDA004B4D70 /* Assets.xcassets */ = {isa = PBXFileReference; lastKnownFileType = folder.assetcatalog; path = Assets.xcassets; sourceTree = "<group>"; };
		045A614E2AD53FDA004B4D70 /* Preview Assets.xcassets */ = {isa = PBXFileReference; lastKnownFileType = folder.assetcatalog; path = "Preview Assets.xcassets"; sourceTree = "<group>"; };
		045A61562AD5404F004B4D70 /* Post.swift */ = {isa = PBXFileReference; lastKnownFileType = sourcecode.swift; path = Post.swift; sourceTree = "<group>"; };
		045A61592AD54099004B4D70 /* CinemaGuideData.swift */ = {isa = PBXFileReference; lastKnownFileType = sourcecode.swift; path = CinemaGuideData.swift; sourceTree = "<group>"; };
		045A615C2AD5421C004B4D70 /* InfoView.swift */ = {isa = PBXFileReference; lastKnownFileType = sourcecode.swift; path = InfoView.swift; sourceTree = "<group>"; };
		0484244A2AD546560076405A /* InfoRow.swift */ = {isa = PBXFileReference; lastKnownFileType = sourcecode.swift; path = InfoRow.swift; sourceTree = "<group>"; };
		0484244C2AD548F20076405A /* InfoDetails.swift */ = {isa = PBXFileReference; lastKnownFileType = sourcecode.swift; path = InfoDetails.swift; sourceTree = "<group>"; };
		0484244E2AD554AD0076405A /* HelloView.swift */ = {isa = PBXFileReference; lastKnownFileType = sourcecode.swift; path = HelloView.swift; sourceTree = "<group>"; };
		048424502AD555390076405A /* SettingsView.swift */ = {isa = PBXFileReference; lastKnownFileType = sourcecode.swift; path = SettingsView.swift; sourceTree = "<group>"; };
/* End PBXFileReference section */

/* Begin PBXFrameworksBuildPhase section */
		045A61412AD53FD8004B4D70 /* Frameworks */ = {
			isa = PBXFrameworksBuildPhase;
			buildActionMask = 2147483647;
			files = (
			);
			runOnlyForDeploymentPostprocessing = 0;
		};
/* End PBXFrameworksBuildPhase section */

/* Begin PBXGroup section */
		045A613B2AD53FD8004B4D70 = {
			isa = PBXGroup;
			children = (
				045A61462AD53FD8004B4D70 /* CinemaGuide */,
				045A61452AD53FD8004B4D70 /* Products */,
			);
			sourceTree = "<group>";
		};
		045A61452AD53FD8004B4D70 /* Products */ = {
			isa = PBXGroup;
			children = (
				045A61442AD53FD8004B4D70 /* CinemaGuide.app */,
			);
			name = Products;
			sourceTree = "<group>";
		};
		045A61462AD53FD8004B4D70 /* CinemaGuide */ = {
			isa = PBXGroup;
			children = (
				045A615B2AD5420F004B4D70 /* Views */,
				045A61552AD54035004B4D70 /* Models */,
				045A61592AD54099004B4D70 /* CinemaGuideData.swift */,
				045A61472AD53FD8004B4D70 /* CinemaGuideApp.swift */,
				045A61492AD53FD8004B4D70 /* ContentView.swift */,
				045A614B2AD53FDA004B4D70 /* Assets.xcassets */,
				045A614D2AD53FDA004B4D70 /* Preview Content */,
			);
			path = CinemaGuide;
			sourceTree = "<group>";
		};
		045A614D2AD53FDA004B4D70 /* Preview Content */ = {
			isa = PBXGroup;
			children = (
				045A614E2AD53FDA004B4D70 /* Preview Assets.xcassets */,
			);
			path = "Preview Content";
			sourceTree = "<group>";
		};
		045A61552AD54035004B4D70 /* Models */ = {
			isa = PBXGroup;
			children = (
				045A61562AD5404F004B4D70 /* Post.swift */,
			);
			path = Models;
			sourceTree = "<group>";
		};
		045A615B2AD5420F004B4D70 /* Views */ = {
			isa = PBXGroup;
			children = (
				045A615C2AD5421C004B4D70 /* InfoView.swift */,
				0484244A2AD546560076405A /* InfoRow.swift */,
				0484244C2AD548F20076405A /* InfoDetails.swift */,
				0484244E2AD554AD0076405A /* HelloView.swift */,
				048424502AD555390076405A /* SettingsView.swift */,
			);
			path = Views;
			sourceTree = "<group>";
		};
/* End PBXGroup section */

/* Begin PBXNativeTarget section */
		045A61432AD53FD8004B4D70 /* CinemaGuide */ = {
			isa = PBXNativeTarget;
			buildConfigurationList = 045A61522AD53FDA004B4D70 /* Build configuration list for PBXNativeTarget "CinemaGuide" */;
			buildPhases = (
				045A61402AD53FD8004B4D70 /* Sources */,
				045A61412AD53FD8004B4D70 /* Frameworks */,
				045A61422AD53FD8004B4D70 /* Resources */,
			);
			buildRules = (
			);
			dependencies = (
			);
			name = CinemaGuide;
			productName = CinemaGuide;
			productReference = 045A61442AD53FD8004B4D70 /* CinemaGuide.app */;
			productType = "com.apple.product-type.application";
		};
/* End PBXNativeTarget section */

/* Begin PBXProject section */
		045A613C2AD53FD8004B4D70 /* Project object */ = {
			isa = PBXProject;
			attributes = {
				BuildIndependentTargetsInParallel = 1;
				LastSwiftUpdateCheck = 1500;
				LastUpgradeCheck = 1500;
				TargetAttributes = {
					045A61432AD53FD8004B4D70 = {
						CreatedOnToolsVersion = 15.0;
					};
				};
			};
			buildConfigurationList = 045A613F2AD53FD8004B4D70 /* Build configuration list for PBXProject "CinemaGuide" */;
			compatibilityVersion = "Xcode 14.0";
			developmentRegion = en;
			hasScannedForEncodings = 0;
			knownRegions = (
				en,
				Base,
			);
			mainGroup = 045A613B2AD53FD8004B4D70;
			productRefGroup = 045A61452AD53FD8004B4D70 /* Products */;
			projectDirPath = "";
			projectRoot = "";
			targets = (
				045A61432AD53FD8004B4D70 /* CinemaGuide */,
			);
		};
/* End PBXProject section */

/* Begin PBXResourcesBuildPhase section */
		045A61422AD53FD8004B4D70 /* Resources */ = {
			isa = PBXResourcesBuildPhase;
			buildActionMask = 2147483647;
			files = (
				045A614F2AD53FDA004B4D70 /* Preview Assets.xcassets in Resources */,
				045A614C2AD53FDA004B4D70 /* Assets.xcassets in Resources */,
			);
			runOnlyForDeploymentPostprocessing = 0;
		};
/* End PBXResourcesBuildPhase section */

/* Begin PBXSourcesBuildPhase section */
		045A61402AD53FD8004B4D70 /* Sources */ = {
			isa = PBXSourcesBuildPhase;
			buildActionMask = 2147483647;
			files = (
				045A61572AD5404F004B4D70 /* Post.swift in Sources */,
				0484244F2AD554AD0076405A /* HelloView.swift in Sources */,
				045A614A2AD53FD8004B4D70 /* ContentView.swift in Sources */,
				048424512AD555390076405A /* SettingsView.swift in Sources */,
				0484244B2AD546560076405A /* InfoRow.swift in Sources */,
				045A61482AD53FD8004B4D70 /* CinemaGuideApp.swift in Sources */,
				045A615D2AD5421C004B4D70 /* InfoView.swift in Sources */,
				0484244D2AD548F20076405A /* InfoDetails.swift in Sources */,
				045A615A2AD54099004B4D70 /* CinemaGuideData.swift in Sources */,
			);
			runOnlyForDeploymentPostprocessing = 0;
		};
/* End PBXSourcesBuildPhase section */

/* Begin XCBuildConfiguration section */
		045A61502AD53FDA004B4D70 /* Debug */ = {
			isa = XCBuildConfiguration;
			buildSettings = {
				ALWAYS_SEARCH_USER_PATHS = NO;
				ASSETCATALOG_COMPILER_GENERATE_SWIFT_ASSET_SYMBOL_EXTENSIONS = YES;
				CLANG_ANALYZER_NONNULL = YES;
				CLANG_ANALYZER_NUMBER_OBJECT_CONVERSION = YES_AGGRESSIVE;
				CLANG_CXX_LANGUAGE_STANDARD = "gnu++20";
				CLANG_ENABLE_MODULES = YES;
				CLANG_ENABLE_OBJC_ARC = YES;
				CLANG_ENABLE_OBJC_WEAK = YES;
				CLANG_WARN_BLOCK_CAPTURE_AUTORELEASING = YES;
				CLANG_WARN_BOOL_CONVERSION = YES;
				CLANG_WARN_COMMA = YES;
				CLANG_WARN_CONSTANT_CONVERSION = YES;
				CLANG_WARN_DEPRECATED_OBJC_IMPLEMENTATIONS = YES;
				CLANG_WARN_DIRECT_OBJC_ISA_USAGE = YES_ERROR;
				CLANG_WARN_DOCUMENTATION_COMMENTS = YES;
				CLANG_WARN_EMPTY_BODY = YES;
				CLANG_WARN_ENUM_CONVERSION = YES;
				CLANG_WARN_INFINITE_RECURSION = YES;
				CLANG_WARN_INT_CONVERSION = YES;
				CLANG_WARN_NON_LITERAL_NULL_CONVERSION = YES;
				CLANG_WARN_OBJC_IMPLICIT_RETAIN_SELF = YES;
				CLANG_WARN_OBJC_LITERAL_CONVERSION = YES;
				CLANG_WARN_OBJC_ROOT_CLASS = YES_ERROR;
				CLANG_WARN_QUOTED_INCLUDE_IN_FRAMEWORK_HEADER = YES;
				CLANG_WARN_RANGE_LOOP_ANALYSIS = YES;
				CLANG_WARN_STRICT_PROTOTYPES = YES;
				CLANG_WARN_SUSPICIOUS_MOVE = YES;
				CLANG_WARN_UNGUARDED_AVAILABILITY = YES_AGGRESSIVE;
				CLANG_WARN_UNREACHABLE_CODE = YES;
				CLANG_WARN__DUPLICATE_METHOD_MATCH = YES;
				COPY_PHASE_STRIP = NO;
				DEBUG_INFORMATION_FORMAT = dwarf;
				ENABLE_STRICT_OBJC_MSGSEND = YES;
				ENABLE_TESTABILITY = YES;
				ENABLE_USER_SCRIPT_SANDBOXING = YES;
				GCC_C_LANGUAGE_STANDARD = gnu17;
				GCC_DYNAMIC_NO_PIC = NO;
				GCC_NO_COMMON_BLOCKS = YES;
				GCC_OPTIMIZATION_LEVEL = 0;
				GCC_PREPROCESSOR_DEFINITIONS = (
					"DEBUG=1",
					"$(inherited)",
				);
				GCC_WARN_64_TO_32_BIT_CONVERSION = YES;
				GCC_WARN_ABOUT_RETURN_TYPE = YES_ERROR;
				GCC_WARN_UNDECLARED_SELECTOR = YES;
				GCC_WARN_UNINITIALIZED_AUTOS = YES_AGGRESSIVE;
				GCC_WARN_UNUSED_FUNCTION = YES;
				GCC_WARN_UNUSED_VARIABLE = YES;
				IPHONEOS_DEPLOYMENT_TARGET = 15.0;
				LOCALIZATION_PREFERS_STRING_CATALOGS = YES;
				MTL_ENABLE_DEBUG_INFO = INCLUDE_SOURCE;
				MTL_FAST_MATH = YES;
				ONLY_ACTIVE_ARCH = YES;
				SDKROOT = iphoneos;
				SWIFT_ACTIVE_COMPILATION_CONDITIONS = "DEBUG $(inherited)";
				SWIFT_OPTIMIZATION_LEVEL = "-Onone";
			};
			name = Debug;
		};
		045A61512AD53FDA004B4D70 /* Release */ = {
			isa = XCBuildConfiguration;
			buildSettings = {
				ALWAYS_SEARCH_USER_PATHS = NO;
				ASSETCATALOG_COMPILER_GENERATE_SWIFT_ASSET_SYMBOL_EXTENSIONS = YES;
				CLANG_ANALYZER_NONNULL = YES;
				CLANG_ANALYZER_NUMBER_OBJECT_CONVERSION = YES_AGGRESSIVE;
				CLANG_CXX_LANGUAGE_STANDARD = "gnu++20";
				CLANG_ENABLE_MODULES = YES;
				CLANG_ENABLE_OBJC_ARC = YES;
				CLANG_ENABLE_OBJC_WEAK = YES;
				CLANG_WARN_BLOCK_CAPTURE_AUTORELEASING = YES;
				CLANG_WARN_BOOL_CONVERSION = YES;
				CLANG_WARN_COMMA = YES;
				CLANG_WARN_CONSTANT_CONVERSION = YES;
				CLANG_WARN_DEPRECATED_OBJC_IMPLEMENTATIONS = YES;
				CLANG_WARN_DIRECT_OBJC_ISA_USAGE = YES_ERROR;
				CLANG_WARN_DOCUMENTATION_COMMENTS = YES;
				CLANG_WARN_EMPTY_BODY = YES;
				CLANG_WARN_ENUM_CONVERSION = YES;
				CLANG_WARN_INFINITE_RECURSION = YES;
				CLANG_WARN_INT_CONVERSION = YES;
				CLANG_WARN_NON_LITERAL_NULL_CONVERSION = YES;
				CLANG_WARN_OBJC_IMPLICIT_RETAIN_SELF = YES;
				CLANG_WARN_OBJC_LITERAL_CONVERSION = YES;
				CLANG_WARN_OBJC_ROOT_CLASS = YES_ERROR;
				CLANG_WARN_QUOTED_INCLUDE_IN_FRAMEWORK_HEADER = YES;
				CLANG_WARN_RANGE_LOOP_ANALYSIS = YES;
				CLANG_WARN_STRICT_PROTOTYPES = YES;
				CLANG_WARN_SUSPICIOUS_MOVE = YES;
				CLANG_WARN_UNGUARDED_AVAILABILITY = YES_AGGRESSIVE;
				CLANG_WARN_UNREACHABLE_CODE = YES;
				CLANG_WARN__DUPLICATE_METHOD_MATCH = YES;
				COPY_PHASE_STRIP = NO;
				DEBUG_INFORMATION_FORMAT = "dwarf-with-dsym";
				ENABLE_NS_ASSERTIONS = NO;
				ENABLE_STRICT_OBJC_MSGSEND = YES;
				ENABLE_USER_SCRIPT_SANDBOXING = YES;
				GCC_C_LANGUAGE_STANDARD = gnu17;
				GCC_NO_COMMON_BLOCKS = YES;
				GCC_WARN_64_TO_32_BIT_CONVERSION = YES;
				GCC_WARN_ABOUT_RETURN_TYPE = YES_ERROR;
				GCC_WARN_UNDECLARED_SELECTOR = YES;
				GCC_WARN_UNINITIALIZED_AUTOS = YES_AGGRESSIVE;
				GCC_WARN_UNUSED_FUNCTION = YES;
				GCC_WARN_UNUSED_VARIABLE = YES;
				IPHONEOS_DEPLOYMENT_TARGET = 15.0;
				LOCALIZATION_PREFERS_STRING_CATALOGS = YES;
				MTL_ENABLE_DEBUG_INFO = NO;
				MTL_FAST_MATH = YES;
				SDKROOT = iphoneos;
				SWIFT_COMPILATION_MODE = wholemodule;
				VALIDATE_PRODUCT = YES;
			};
			name = Release;
		};
		045A61532AD53FDA004B4D70 /* Debug */ = {
			isa = XCBuildConfiguration;
			buildSettings = {
				ASSETCATALOG_COMPILER_APPICON_NAME = AppIcon;
				ASSETCATALOG_COMPILER_GLOBAL_ACCENT_COLOR_NAME = AccentColor;
				CODE_SIGN_IDENTITY = "Apple Development";
				CODE_SIGN_STYLE = Automatic;
				CURRENT_PROJECT_VERSION = 1;
				DEVELOPMENT_ASSET_PATHS = "\"CinemaGuide/Preview Content\"";
				DEVELOPMENT_TEAM = K4754BS7DJ;
				ENABLE_PREVIEWS = YES;
				GENERATE_INFOPLIST_FILE = YES;
				INFOPLIST_KEY_UIApplicationSceneManifest_Generation = YES;
				INFOPLIST_KEY_UIApplicationSupportsIndirectInputEvents = YES;
				INFOPLIST_KEY_UILaunchScreen_Generation = YES;
				INFOPLIST_KEY_UISupportedInterfaceOrientations_iPad = "UIInterfaceOrientationPortrait UIInterfaceOrientationPortraitUpsideDown UIInterfaceOrientationLandscapeLeft UIInterfaceOrientationLandscapeRight";
				INFOPLIST_KEY_UISupportedInterfaceOrientations_iPhone = "UIInterfaceOrientationPortrait UIInterfaceOrientationLandscapeLeft UIInterfaceOrientationLandscapeRight";
				LD_RUNPATH_SEARCH_PATHS = (
					"$(inherited)",
					"@executable_path/Frameworks",
				);
				MARKETING_VERSION = 1.0;
				PRODUCT_BUNDLE_IDENTIFIER = "com.Netology-Gleb.Navigation";
				PRODUCT_NAME = "$(TARGET_NAME)";
				PROVISIONING_PROFILE_SPECIFIER = "";
				SWIFT_EMIT_LOC_STRINGS = YES;
				SWIFT_VERSION = 5.0;
				TARGETED_DEVICE_FAMILY = "1,2";
			};
			name = Debug;
		};
		045A61542AD53FDA004B4D70 /* Release */ = {
			isa = XCBuildConfiguration;
			buildSettings = {
				ASSETCATALOG_COMPILER_APPICON_NAME = AppIcon;
				ASSETCATALOG_COMPILER_GLOBAL_ACCENT_COLOR_NAME = AccentColor;
				CODE_SIGN_IDENTITY = "Apple Development";
				CODE_SIGN_STYLE = Automatic;
				CURRENT_PROJECT_VERSION = 1;
				DEVELOPMENT_ASSET_PATHS = "\"CinemaGuide/Preview Content\"";
				DEVELOPMENT_TEAM = K4754BS7DJ;
				ENABLE_PREVIEWS = YES;
				GENERATE_INFOPLIST_FILE = YES;
				INFOPLIST_KEY_UIApplicationSceneManifest_Generation = YES;
				INFOPLIST_KEY_UIApplicationSupportsIndirectInputEvents = YES;
				INFOPLIST_KEY_UILaunchScreen_Generation = YES;
				INFOPLIST_KEY_UISupportedInterfaceOrientations_iPad = "UIInterfaceOrientationPortrait UIInterfaceOrientationPortraitUpsideDown UIInterfaceOrientationLandscapeLeft UIInterfaceOrientationLandscapeRight";
				INFOPLIST_KEY_UISupportedInterfaceOrientations_iPhone = "UIInterfaceOrientationPortrait UIInterfaceOrientationLandscapeLeft UIInterfaceOrientationLandscapeRight";
				LD_RUNPATH_SEARCH_PATHS = (
					"$(inherited)",
					"@executable_path/Frameworks",
				);
				MARKETING_VERSION = 1.0;
				PRODUCT_BUNDLE_IDENTIFIER = "com.Netology-Gleb.Navigation";
				PRODUCT_NAME = "$(TARGET_NAME)";
				PROVISIONING_PROFILE_SPECIFIER = "";
				SWIFT_EMIT_LOC_STRINGS = YES;
				SWIFT_VERSION = 5.0;
				TARGETED_DEVICE_FAMILY = "1,2";
			};
			name = Release;
		};
/* End XCBuildConfiguration section */

/* Begin XCConfigurationList section */
		045A613F2AD53FD8004B4D70 /* Build configuration list for PBXProject "CinemaGuide" */ = {
			isa = XCConfigurationList;
			buildConfigurations = (
				045A61502AD53FDA004B4D70 /* Debug */,
				045A61512AD53FDA004B4D70 /* Release */,
			);
			defaultConfigurationIsVisible = 0;
			defaultConfigurationName = Release;
		};
		045A61522AD53FDA004B4D70 /* Build configuration list for PBXNativeTarget "CinemaGuide" */ = {
			isa = XCConfigurationList;
			buildConfigurations = (
				045A61532AD53FDA004B4D70 /* Debug */,
				045A61542AD53FDA004B4D70 /* Release */,
			);
			defaultConfigurationIsVisible = 0;
			defaultConfigurationName = Release;
		};
/* End XCConfigurationList section */
	};
	rootObject = 045A613C2AD53FD8004B4D70 /* Project object */;
}
